PODS:
  - Alamofire (4.8.2)
  - Kingfisher (4.10.0)
  - Moya (13.0.1):
    - Moya/Core (= 13.0.1)
  - Moya/Core (13.0.1):
    - Alamofire (~> 4.1)
    - Result (~> 4.1)
  - ObjectMapper (3.5.1)
  - PromiseKit (6.11.0):
    - PromiseKit/CorePromise (= 6.11.0)
    - PromiseKit/Foundation (= 6.11.0)
    - PromiseKit/UIKit (= 6.11.0)
  - PromiseKit/CorePromise (6.11.0)
  - PromiseKit/Foundation (6.11.0):
    - PromiseKit/CorePromise
  - PromiseKit/UIKit (6.11.0):
    - PromiseKit/CorePromise
  - R.swift (5.0.3):
    - R.swift.Library (~> 5.0.0)
  - R.swift.Library (5.0.1)
  - Result (4.1.0)
  - SnapKit (5.0.1)
  - SwiftDate (6.0.3)
  - SwiftLint (0.34.0)

DEPENDENCIES:
  - Kingfisher (= 4.10.0)
  - Moya (~> 13.0)
  - ObjectMapper
  - PromiseKit (~> 6.8)
  - R.swift
  - SnapKit (~> 5.0.0)
  - SwiftDate
  - SwiftLint

SPEC REPOS:
  https://github.com/cocoapods/specs.git:
    - Alamofire
    - Kingfisher
    - Moya
    - ObjectMapper
    - PromiseKit
    - R.swift
    - R.swift.Library
    - Result
    - SnapKit
    - SwiftDate
    - SwiftLint

SPEC CHECKSUMS:
  Alamofire: ae5c501addb7afdbb13687d7f2f722c78734c2d3
  Kingfisher: 43c4b802d8b5256cf1f4379e9cd10b329be6d3e2
  Moya: f4a4b80ff2f8a4ffc208dfb31cd91636622fee6e
  ObjectMapper: 70187b8941977c62ccfb423caf6b50be405cabf0
  PromiseKit: e4863d06976e7dee5e41c04fc7371c16b3600292
  R.swift: f5a87643b91ea569d23d6afb3eee9c743edde239
  R.swift.Library: cfe85d569d9bae6cb262922db130e7c3a7a5fad1
  Result: bd966fac789cc6c1563440b348ab2598cc24d5c7
  SnapKit: 97b92857e3df3a0c71833cce143274bf6ef8e5eb
  SwiftDate: 8d4f14bf1ef68e95094511504856547bf9e3e1a6
  SwiftLint: 79d48a17c6565dc286c37efb8322c7b450f95c67

PODFILE CHECKSUM: fa7aadc3a8fb01ed2ed98434580383f40146c22e

COCOAPODS: 1.7.5
